
Microsoft Visual Studio Solution File, Format Version 12.00
# Visual Studio 15
VisualStudioVersion = 15.0.27130.2010
MinimumVisualStudioVersion = 10.0.40219.1
Project("{9A19103F-16F7-4668-BE54-9A1E7A4F7556}") = "BasketSystem.API", "BasketSystem.API\BasketSystem.API.csproj", "{218A89F8-B51D-461B-A4FA-D3F2EF4186EB}"
EndProject
Project("{2150E333-8FDC-42A3-9474-1A3956D46DE8}") = "Solution Items", "Solution Items", "{53FA347C-50F1-4360-A7F0-91A6ABE676A0}"
	ProjectSection(SolutionItems) = preProject
		README.md = README.md
	EndProjectSection
EndProject
Project("{9A19103F-16F7-4668-BE54-9A1E7A4F7556}") = "BasketSystem.Models.Tests", "BasketSystem.Models.Tests\BasketSystem.Models.Tests.csproj", "{4209F66D-AB9D-4ADE-87B1-F5B76F7BE019}"
EndProject
Project("{9A19103F-16F7-4668-BE54-9A1E7A4F7556}") = "BasketSystem.Models", "BasketSystem.Models\BasketSystem.Models.csproj", "{C94EB466-8B32-48EE-9EF9-B46AE6D296A7}"
EndProject
Project("{FAE04EC0-301F-11D3-BF4B-00C04F79EFBC}") = "BasketSystem.Client", "BasketSystem.Client\BasketSystem.Client.csproj", "{D54A1BAB-7C28-4826-84C7-D0E2207EF85F}"
EndProject
Global
	GlobalSection(SolutionConfigurationPlatforms) = preSolution
		Debug|Any CPU = Debug|Any CPU
		Release|Any CPU = Release|Any CPU
	EndGlobalSection
	GlobalSection(ProjectConfigurationPlatforms) = postSolution
		{218A89F8-B51D-461B-A4FA-D3F2EF4186EB}.Debug|Any CPU.ActiveCfg = Debug|Any CPU
		{218A89F8-B51D-461B-A4FA-D3F2EF4186EB}.Debug|Any CPU.Build.0 = Debug|Any CPU
		{218A89F8-B51D-461B-A4FA-D3F2EF4186EB}.Release|Any CPU.ActiveCfg = Release|Any CPU
		{218A89F8-B51D-461B-A4FA-D3F2EF4186EB}.Release|Any CPU.Build.0 = Release|Any CPU
		{4209F66D-AB9D-4ADE-87B1-F5B76F7BE019}.Debug|Any CPU.ActiveCfg = Debug|Any CPU
		{4209F66D-AB9D-4ADE-87B1-F5B76F7BE019}.Debug|Any CPU.Build.0 = Debug|Any CPU
		{4209F66D-AB9D-4ADE-87B1-F5B76F7BE019}.Release|Any CPU.ActiveCfg = Release|Any CPU
		{4209F66D-AB9D-4ADE-87B1-F5B76F7BE019}.Release|Any CPU.Build.0 = Release|Any CPU
		{C94EB466-8B32-48EE-9EF9-B46AE6D296A7}.Debug|Any CPU.ActiveCfg = Debug|Any CPU
		{C94EB466-8B32-48EE-9EF9-B46AE6D296A7}.Debug|Any CPU.Build.0 = Debug|Any CPU
		{C94EB466-8B32-48EE-9EF9-B46AE6D296A7}.Release|Any CPU.ActiveCfg = Release|Any CPU
		{C94EB466-8B32-48EE-9EF9-B46AE6D296A7}.Release|Any CPU.Build.0 = Release|Any CPU
		{D54A1BAB-7C28-4826-84C7-D0E2207EF85F}.Debug|Any CPU.ActiveCfg = Debug|Any CPU
		{D54A1BAB-7C28-4826-84C7-D0E2207EF85F}.Debug|Any CPU.Build.0 = Debug|Any CPU
		{D54A1BAB-7C28-4826-84C7-D0E2207EF85F}.Release|Any CPU.ActiveCfg = Release|Any CPU
		{D54A1BAB-7C28-4826-84C7-D0E2207EF85F}.Release|Any CPU.Build.0 = Release|Any CPU
	EndGlobalSection
	GlobalSection(SolutionProperties) = preSolution
		HideSolutionNode = FALSE
	EndGlobalSection
	GlobalSection(ExtensibilityGlobals) = postSolution
		SolutionGuid = {CEF67DA6-4B4B-40B4-AD80-62C423ABAC2B}
	EndGlobalSection
EndGlobal
